
Microsoft Visual Studio Solution File, Format Version 12.00
# Visual Studio 2013
VisualStudioVersion = 12.0.31101.0
MinimumVisualStudioVersion = 10.0.40219.1
Project("{FAE04EC0-301F-11D3-BF4B-00C04F79EFBC}") = "ChatServer", "ChatServer\ChatServer.csproj", "{EE04D305-595C-4CFC-82C9-4A79974DC910}"
EndProject
Project("{FAE04EC0-301F-11D3-BF4B-00C04F79EFBC}") = "GameServer", "GameServer\GameServer.csproj", "{0C484B4D-52F0-47B0-A64C-0F008CCBBD32}"
EndProject
Project("{FAE04EC0-301F-11D3-BF4B-00C04F79EFBC}") = "BarcarratServer", "BarcarratServer\BarcarratServer.csproj", "{216A10FE-6C82-43B3-8753-B3AA90AB0F3B}"
EndProject
Project("{FAE04EC0-301F-11D3-BF4B-00C04F79EFBC}") = "LobbyServer", "LobbyServer\LobbyServer.csproj", "{45E745E8-69E5-4EE3-891C-B4188B1134DA}"
EndProject
Global
	GlobalSection(SolutionConfigurationPlatforms) = preSolution
		Debug|Any CPU = Debug|Any CPU
		Release|Any CPU = Release|Any CPU
	EndGlobalSection
	GlobalSection(ProjectConfigurationPlatforms) = postSolution
		{EE04D305-595C-4CFC-82C9-4A79974DC910}.Debug|Any CPU.ActiveCfg = Debug|Any CPU
		{EE04D305-595C-4CFC-82C9-4A79974DC910}.Debug|Any CPU.Build.0 = Debug|Any CPU
		{EE04D305-595C-4CFC-82C9-4A79974DC910}.Release|Any CPU.ActiveCfg = Release|Any CPU
		{EE04D305-595C-4CFC-82C9-4A79974DC910}.Release|Any CPU.Build.0 = Release|Any CPU
		{0C484B4D-52F0-47B0-A64C-0F008CCBBD32}.Debug|Any CPU.ActiveCfg = Debug|Any CPU
		{0C484B4D-52F0-47B0-A64C-0F008CCBBD32}.Debug|Any CPU.Build.0 = Debug|Any CPU
		{0C484B4D-52F0-47B0-A64C-0F008CCBBD32}.Release|Any CPU.ActiveCfg = Release|Any CPU
		{0C484B4D-52F0-47B0-A64C-0F008CCBBD32}.Release|Any CPU.Build.0 = Release|Any CPU
		{216A10FE-6C82-43B3-8753-B3AA90AB0F3B}.Debug|Any CPU.ActiveCfg = Debug|Any CPU
		{216A10FE-6C82-43B3-8753-B3AA90AB0F3B}.Debug|Any CPU.Build.0 = Debug|Any CPU
		{216A10FE-6C82-43B3-8753-B3AA90AB0F3B}.Release|Any CPU.ActiveCfg = Release|Any CPU
		{216A10FE-6C82-43B3-8753-B3AA90AB0F3B}.Release|Any CPU.Build.0 = Release|Any CPU
		{45E745E8-69E5-4EE3-891C-B4188B1134DA}.Debug|Any CPU.ActiveCfg = Debug|Any CPU
		{45E745E8-69E5-4EE3-891C-B4188B1134DA}.Debug|Any CPU.Build.0 = Debug|Any CPU
		{45E745E8-69E5-4EE3-891C-B4188B1134DA}.Release|Any CPU.ActiveCfg = Release|Any CPU
		{45E745E8-69E5-4EE3-891C-B4188B1134DA}.Release|Any CPU.Build.0 = Release|Any CPU
	EndGlobalSection
	GlobalSection(SolutionProperties) = preSolution
		HideSolutionNode = FALSE
	EndGlobalSection
EndGlobal
